<?xml version="1.0" encoding="utf-8"?>
<Project ToolsVersion="4.0" xmlns="http://schemas.microsoft.com/developer/msbuild/2003">
  <ItemGroup>
    <Filter Include="源文件">
      <UniqueIdentifier>{4FC737F1-C7A5-4376-A066-2A32D752A2FF}</UniqueIdentifier>
      <Extensions>cpp;c;cc;cxx;c++;cppm;ixx;def;odl;idl;hpj;bat;asm;asmx</Extensions>
    </Filter>
    <Filter Include="头文件">
      <UniqueIdentifier>{93995380-89BD-4b04-88EB-625FBE52EBFB}</UniqueIdentifier>
      <Extensions>h;hh;hpp;hxx;h++;hm;inl;inc;ipp;xsd</Extensions>
    </Filter>
    <Filter Include="资源文件">
      <UniqueIdentifier>{67DA6AB6-F800-4c08-8B7A-83BB121AAD01}</UniqueIdentifier>
      <Extensions>rc;ico;cur;bmp;dlg;rc2;rct;bin;rgs;gif;jpg;jpeg;jpe;resx;tiff;tif;png;wav;mfcribbon-ms</Extensions>
    </Filter>
  </ItemGroup>
  <ItemGroup>
    <ClCompile Include="src\Main.cpp">
      <Filter>源文件</Filter>
    </ClCompile>
    <ClCompile Include="src\Output\tgaimage.cpp">
      <Filter>源文件</Filter>
    </ClCompile>
    <ClCompile Include="src\Components\Mesh.cpp">
      <Filter>源文件</Filter>
    </ClCompile>
    <ClCompile Include="src\Geometry\Matrix.cpp">
      <Filter>源文件</Filter>
    </ClCompile>
    <ClCompile Include="src\Renderer.cpp">
      <Filter>源文件</Filter>
    </ClCompile>
    <ClCompile Include="src\Application.cpp">
      <Filter>源文件</Filter>
    </ClCompile>
    <ClCompile Include="src\Components\Texture.cpp">
      <Filter>源文件</Filter>
    </ClCompile>
  </ItemGroup>
  <ItemGroup>
    <ClInclude Include="src\Output\tgaimage.hpp">
      <Filter>头文件</Filter>
    </ClInclude>
    <ClInclude Include="src\Components\Mesh.hpp">
      <Filter>头文件</Filter>
    </ClInclude>
    <ClInclude Include="src\Geometry\Geometry.hpp">
      <Filter>头文件</Filter>
    </ClInclude>
    <ClInclude Include="src\Geometry\Vector.hpp">
      <Filter>头文件</Filter>
    </ClInclude>
    <ClInclude Include="src\Geometry\Matrix.hpp">
      <Filter>头文件</Filter>
    </ClInclude>
    <ClInclude Include="src\Components\Vertex.hpp">
      <Filter>头文件</Filter>
    </ClInclude>
    <ClInclude Include="src\Components\Light.hpp">
      <Filter>头文件</Filter>
    </ClInclude>
    <ClInclude Include="src\Components\Camera.hpp">
      <Filter>头文件</Filter>
    </ClInclude>
    <ClInclude Include="src\Components\Texture.hpp">
      <Filter>头文件</Filter>
    </ClInclude>
    <ClInclude Include="src\Components\FrameBuffer.hpp">
      <Filter>头文件</Filter>
    </ClInclude>
    <ClInclude Include="src\Renderer.hpp">
      <Filter>头文件</Filter>
    </ClInclude>
    <ClInclude Include="src\Components\Shaders.hpp">
      <Filter>头文件</Filter>
    </ClInclude>
    <ClInclude Include="src\Macros.hpp">
      <Filter>头文件</Filter>
    </ClInclude>
    <ClInclude Include="src\Components\Material.hpp">
      <Filter>头文件</Filter>
    </ClInclude>
    <ClInclude Include="src\Components\Scene.hpp">
      <Filter>头文件</Filter>
    </ClInclude>
    <ClInclude Include="src\Components\GameObject.hpp">
      <Filter>头文件</Filter>
    </ClInclude>
    <ClInclude Include="src\Components\Transfrom.hpp">
      <Filter>头文件</Filter>
    </ClInclude>
  </ItemGroup>
</Project>